{
  "name": "sebasdd-ngx-common",
  "version": "1.0.36",
  "lockfileVersion": 1,
  "requires": true,
  "dependencies": {
    "@angular/common": {
      "version": "6.1.10",
      "resolved": "https://registry.npmjs.org/@angular/common/-/common-6.1.10.tgz",
      "integrity": "sha512-73xxTSYJNKfiJ7C1Ajg+sz5l8y+blb/vNgHYg7O3yem5zLBnfPpidJ1UGg4W4d2Y+jwUVJbZKh8SKJarqAJVUQ==",
      "requires": {
        "tslib": "^1.9.0"
      }
    },
    "@angular/core": {
      "version": "6.1.10",
      "resolved": "https://registry.npmjs.org/@angular/core/-/core-6.1.10.tgz",
      "integrity": "sha512-61l3rIQTVdT45eOf6/fBJIeVmV10mcrxqS4N/1OWkuDT29YSJTZSxGcv8QjAyyutuhcqWWpO6gVRkN07rWmkPg==",
      "requires": {
        "tslib": "^1.9.0"
      }
    },
    "@angular/platform-browser": {
      "version": "6.1.10",
      "resolved": "https://registry.npmjs.org/@angular/platform-browser/-/platform-browser-6.1.10.tgz",
      "integrity": "sha512-CB7pqMwtgb7KjdHDAJlsXcs0rrU+2xQVaoOaqEfJtUrKhtGMLaZh8Qoic5l92SoGattkOw7SYarAOsWlAsVfvw==",
      "requires": {
        "tslib": "^1.9.0"
      }
    },
    "@contentful/axios": {
      "version": "0.18.0",
      "resolved": "https://registry.npmjs.org/@contentful/axios/-/axios-0.18.0.tgz",
      "integrity": "sha512-4r4Ww1IJlmRolKgovLTTmdS6CsdvXYVxgXRFwWSh1x36T/0Wg9kTwdaVaApZXcv1DfYyw9RSNdxIGSwTP2/Lag==",
      "requires": {
        "follow-redirects": "^1.2.5",
        "is-buffer": "^1.1.5"
      }
    },
    "contentful": {
      "version": "7.0.4",
      "resolved": "https://registry.npmjs.org/contentful/-/contentful-7.0.4.tgz",
      "integrity": "sha512-WcQ9ffPymDCH8XmNpW9lyMXl1CD32vKwcQm7TsOmENsDirEe2wqT5UgbDP4Ikhwpuajtyr6psOYJUPlBcZJBJw==",
      "requires": {
        "@contentful/axios": "^0.18.0",
        "contentful-resolve-response": "^1.1.4",
        "contentful-sdk-core": "^6.0.1",
        "json-stringify-safe": "^5.0.1",
        "lodash": "^4.17.5"
      }
    },
    "contentful-resolve-response": {
      "version": "1.1.4",
      "resolved": "https://registry.npmjs.org/contentful-resolve-response/-/contentful-resolve-response-1.1.4.tgz",
      "integrity": "sha512-oFq6n6zjbiwD9/7mBa8YHPwvPM0B0D4uOgg1n/rVzpQPhCrzeIixNj6fbJAbDiJt05rZqxiY3K1Db7pPRhRaZw==",
      "requires": {
        "lodash": "^4.17.4"
      }
    },
    "contentful-sdk-core": {
      "version": "6.0.2",
      "resolved": "https://registry.npmjs.org/contentful-sdk-core/-/contentful-sdk-core-6.0.2.tgz",
      "integrity": "sha512-6oHYWWZD5xBuofVgsa4vdJnxEeAKvXEJSxuF+foUSmbSblIwT8dT5aZosJV78ibf/IZylvDP2tPLFA9wNB1jzQ==",
      "requires": {
        "lodash": "^4.17.10",
        "qs": "^6.5.2"
      }
    },
    "debug": {
      "version": "3.1.0",
      "resolved": "https://registry.npmjs.org/debug/-/debug-3.1.0.tgz",
      "integrity": "sha512-OX8XqP7/1a9cqkxYw2yXss15f26NKWBpDXQd0/uK/KPqdQhxbPa994hnzjcE2VqQpDslf55723cKPUOGSmMY3g==",
      "requires": {
        "ms": "2.0.0"
      }
    },
    "follow-redirects": {
      "version": "1.5.9",
      "resolved": "https://registry.npmjs.org/follow-redirects/-/follow-redirects-1.5.9.tgz",
      "integrity": "sha512-Bh65EZI/RU8nx0wbYF9shkFZlqLP+6WT/5FnA3cE/djNSuKNHJEinGGZgu/cQEkeeb2GdFOgenAmn8qaqYke2w==",
      "requires": {
        "debug": "=3.1.0"
      }
    },
    "is-buffer": {
      "version": "1.1.6",
      "resolved": "https://registry.npmjs.org/is-buffer/-/is-buffer-1.1.6.tgz",
      "integrity": "sha512-NcdALwpXkTm5Zvvbk7owOUSvVvBKDgKP5/ewfXEznmQFfs4ZRmanOeKBTjRVjka3QFoN6XJ+9F3USqfHqTaU5w=="
    },
    "json-stringify-safe": {
      "version": "5.0.1",
      "resolved": "https://registry.npmjs.org/json-stringify-safe/-/json-stringify-safe-5.0.1.tgz",
      "integrity": "sha1-Epai1Y/UXxmg9s4B1lcB4sc1tus="
    },
    "lodash": {
      "version": "4.17.11",
      "resolved": "https://registry.npmjs.org/lodash/-/lodash-4.17.11.tgz",
      "integrity": "sha512-cQKh8igo5QUhZ7lg38DYWAxMvjSAKG0A8wGSVimP07SIUEK2UO+arSRKbRZWtelMtN5V0Hkwh5ryOto/SshYIg=="
    },
    "ms": {
      "version": "2.0.0",
      "resolved": "https://registry.npmjs.org/ms/-/ms-2.0.0.tgz",
      "integrity": "sha1-VgiurfwAvmwpAd9fmGF4jeDVl8g="
    },
    "qs": {
      "version": "6.5.2",
      "resolved": "https://registry.npmjs.org/qs/-/qs-6.5.2.tgz",
      "integrity": "sha512-N5ZAX4/LxJmF+7wN74pUD6qAh9/wnvdQcjq9TZjevvXzSUo7bfmw91saqMjzGS2xq91/odN2dW/WOl7qQHNDGA=="
    },
    "rxjs": {
      "version": "6.3.3",
      "resolved": "https://registry.npmjs.org/rxjs/-/rxjs-6.3.3.tgz",
      "integrity": "sha512-JTWmoY9tWCs7zvIk/CvRjhjGaOd+OVBM987mxFo+OW66cGpdKjZcpmc74ES1sB//7Kl/PAe8+wEakuhG4pcgOw==",
      "requires": {
        "tslib": "^1.9.0"
      }
    },
    "tslib": {
      "version": "1.9.3",
      "resolved": "https://registry.npmjs.org/tslib/-/tslib-1.9.3.tgz",
      "integrity": "sha512-4krF8scpejhaOgqzBEcGM7yDIEfi0/8+8zDRZhNZZ2kjmHJ4hv3zCbQWxoJGz1iw5U0Jl0nma13xzHXcncMavQ=="
    }
  }
}
